
Microsoft Visual Studio Solution File, Format Version 12.00
# Visual Studio Version 16
VisualStudioVersion = 16.0.36324.18
MinimumVisualStudioVersion = 10.0.40219.1
Project("{FAE04EC0-301F-11D3-BF4B-00C04F79EFBC}") = "Animal_sounds", "Animal_sounds\Animal_sounds.csproj", "{BD072A53-577F-45DE-BE6E-D96B995D7BF2}"
EndProject
Global
	GlobalSection(SolutionConfigurationPlatforms) = preSolution
		Debug|Any CPU = Debug|Any CPU
		Release|Any CPU = Release|Any CPU
	EndGlobalSection
	GlobalSection(ProjectConfigurationPlatforms) = postSolution
		{BD072A53-577F-45DE-BE6E-D96B995D7BF2}.Debug|Any CPU.ActiveCfg = Debug|Any CPU
		{BD072A53-577F-45DE-BE6E-D96B995D7BF2}.Debug|Any CPU.Build.0 = Debug|Any CPU
		{BD072A53-577F-45DE-BE6E-D96B995D7BF2}.Release|Any CPU.ActiveCfg = Release|Any CPU
		{BD072A53-577F-45DE-BE6E-D96B995D7BF2}.Release|Any CPU.Build.0 = Release|Any CPU
	EndGlobalSection
	GlobalSection(SolutionProperties) = preSolution
		HideSolutionNode = FALSE
	EndGlobalSection
	GlobalSection(ExtensibilityGlobals) = postSolution
		SolutionGuid = {C5D643E6-02A7-4F5D-9B91-8FD775C3205C}
	EndGlobalSection
EndGlobal
